
Microsoft Visual Studio Solution File, Format Version 12.00
# Visual Studio Version 16
VisualStudioVersion = 16.0.30517.126
MinimumVisualStudioVersion = 10.0.40219.1
Project("{8BC9CEB8-8B4A-11D0-8D11-00A0C91BC942}") = "34", "34\34.vcxproj", "{37D4D8BF-19C3-4AC1-9E26-FCEA5E23E91B}"
EndProject
Global
	GlobalSection(SolutionConfigurationPlatforms) = preSolution
		Debug|x64 = Debug|x64
		Debug|x86 = Debug|x86
		Release|x64 = Release|x64
		Release|x86 = Release|x86
	EndGlobalSection
	GlobalSection(ProjectConfigurationPlatforms) = postSolution
		{37D4D8BF-19C3-4AC1-9E26-FCEA5E23E91B}.Debug|x64.ActiveCfg = Debug|x64
		{37D4D8BF-19C3-4AC1-9E26-FCEA5E23E91B}.Debug|x64.Build.0 = Debug|x64
		{37D4D8BF-19C3-4AC1-9E26-FCEA5E23E91B}.Debug|x86.ActiveCfg = Debug|Win32
		{37D4D8BF-19C3-4AC1-9E26-FCEA5E23E91B}.Debug|x86.Build.0 = Debug|Win32
		{37D4D8BF-19C3-4AC1-9E26-FCEA5E23E91B}.Release|x64.ActiveCfg = Release|x64
		{37D4D8BF-19C3-4AC1-9E26-FCEA5E23E91B}.Release|x64.Build.0 = Release|x64
		{37D4D8BF-19C3-4AC1-9E26-FCEA5E23E91B}.Release|x86.ActiveCfg = Release|Win32
		{37D4D8BF-19C3-4AC1-9E26-FCEA5E23E91B}.Release|x86.Build.0 = Release|Win32
	EndGlobalSection
	GlobalSection(SolutionProperties) = preSolution
		HideSolutionNode = FALSE
	EndGlobalSection
	GlobalSection(ExtensibilityGlobals) = postSolution
		SolutionGuid = {4D23501D-7ACD-40C9-99C9-0A6A060884EB}
	EndGlobalSection
EndGlobal
