
Microsoft Visual Studio Solution File, Format Version 12.00
# Visual Studio Version 16
VisualStudioVersion = 16.0.30517.126
MinimumVisualStudioVersion = 10.0.40219.1
Project("{8BC9CEB8-8B4A-11D0-8D11-00A0C91BC942}") = "33", "33\33.vcxproj", "{98AFBED3-6982-44F9-9233-EC65DF496401}"
EndProject
Global
	GlobalSection(SolutionConfigurationPlatforms) = preSolution
		Debug|x64 = Debug|x64
		Debug|x86 = Debug|x86
		Release|x64 = Release|x64
		Release|x86 = Release|x86
	EndGlobalSection
	GlobalSection(ProjectConfigurationPlatforms) = postSolution
		{98AFBED3-6982-44F9-9233-EC65DF496401}.Debug|x64.ActiveCfg = Debug|x64
		{98AFBED3-6982-44F9-9233-EC65DF496401}.Debug|x64.Build.0 = Debug|x64
		{98AFBED3-6982-44F9-9233-EC65DF496401}.Debug|x86.ActiveCfg = Debug|Win32
		{98AFBED3-6982-44F9-9233-EC65DF496401}.Debug|x86.Build.0 = Debug|Win32
		{98AFBED3-6982-44F9-9233-EC65DF496401}.Release|x64.ActiveCfg = Release|x64
		{98AFBED3-6982-44F9-9233-EC65DF496401}.Release|x64.Build.0 = Release|x64
		{98AFBED3-6982-44F9-9233-EC65DF496401}.Release|x86.ActiveCfg = Release|Win32
		{98AFBED3-6982-44F9-9233-EC65DF496401}.Release|x86.Build.0 = Release|Win32
	EndGlobalSection
	GlobalSection(SolutionProperties) = preSolution
		HideSolutionNode = FALSE
	EndGlobalSection
	GlobalSection(ExtensibilityGlobals) = postSolution
		SolutionGuid = {DA9C555C-033A-4045-9F44-428BFAC8F555}
	EndGlobalSection
EndGlobal
